Microsoft Visual Studio Solution File, Format Version 12.00
# Visual Studio Version 17
VisualStudioVersion = 17.5.2.0
MinimumVisualStudioVersion = 10.0.40219.1
Project("{FAE04EC0-301F-11D3-BF4B-00C04F79EFBC}") = "InstaClone.Api", "InstaClone.Api.csproj", "{DAD66BA8-C793-5F90-FE1E-D36AFE67D403}"
EndProject
Global
	GlobalSection(SolutionConfigurationPlatforms) = preSolution
		Debug|Any CPU = Debug|Any CPU
		Release|Any CPU = Release|Any CPU
	EndGlobalSection
	GlobalSection(ProjectConfigurationPlatforms) = postSolution
		{DAD66BA8-C793-5F90-FE1E-D36AFE67D403}.Debug|Any CPU.ActiveCfg = Debug|Any CPU
		{DAD66BA8-C793-5F90-FE1E-D36AFE67D403}.Debug|Any CPU.Build.0 = Debug|Any CPU
		{DAD66BA8-C793-5F90-FE1E-D36AFE67D403}.Release|Any CPU.ActiveCfg = Release|Any CPU
		{DAD66BA8-C793-5F90-FE1E-D36AFE67D403}.Release|Any CPU.Build.0 = Release|Any CPU
	EndGlobalSection
	GlobalSection(SolutionProperties) = preSolution
		HideSolutionNode = FALSE
	EndGlobalSection
	GlobalSection(ExtensibilityGlobals) = postSolution
		SolutionGuid = {20D00679-DD78-442D-89C9-6141F55679B8}
	EndGlobalSection
EndGlobal
